
Microsoft Visual Studio Solution File, Format Version 12.00
# Visual Studio Version 17
VisualStudioVersion = 17.7.34202.233
MinimumVisualStudioVersion = 10.0.40219.1
Project("{9A19103F-16F7-4668-BE54-9A1E7A4F7556}") = "BotManager", "BotManager\BotManager.csproj", "{30C9A8DB-7863-43FE-9D63-A7FF6785F769}"
EndProject
Project("{9A19103F-16F7-4668-BE54-9A1E7A4F7556}") = "BotManager.Common", "BotManager.Common\BotManager.Common.csproj", "{15A69407-3A8C-435C-B2FD-C0BD50F20D43}"
EndProject
Project("{9A19103F-16F7-4668-BE54-9A1E7A4F7556}") = "BotManager.Engine", "BotManager.Engine\BotManager.Engine.csproj", "{B2CF0F11-1A34-4014-94DF-9DAC1E2C5978}"
EndProject
Project("{9A19103F-16F7-4668-BE54-9A1E7A4F7556}") = "BotManager.Reactive", "BotManager.Reactive\BotManager.Reactive.csproj", "{A7BA1C97-1FA1-4972-987F-F0FAE5A1E112}"
EndProject
Project("{2150E333-8FDC-42A3-9474-1A3956D46DE8}") = "Service", "Service", "{47EE59C4-08D2-4B93-AD3B-68D6C2CB4DAE}"
EndProject
Project("{9A19103F-16F7-4668-BE54-9A1E7A4F7556}") = "BotManager.Service.Compiler", "BotManager.Service.Compiler\BotManager.Service.Compiler.csproj", "{F5483FD6-5AC0-4779-AD99-281C16A3B47F}"
EndProject
Project("{9A19103F-16F7-4668-BE54-9A1E7A4F7556}") = "BotManager.Service.Discord", "BotManager.Service.Discord\BotManager.Service.Discord.csproj", "{B1883A79-5D08-49AB-8B7C-FC94C8CB70D8}"
EndProject
Project("{9A19103F-16F7-4668-BE54-9A1E7A4F7556}") = "BotManager.Service.Twitter", "BotManager.Service.Twitter\BotManager.Service.Twitter.csproj", "{D50DC9DE-DFEE-423C-8B76-900AD78E1D4F}"
EndProject
Project("{9A19103F-16F7-4668-BE54-9A1E7A4F7556}") = "BotManager.Service.Misskey", "BotManager.Service.Misskey\BotManager.Service.Misskey.csproj", "{37D3E5B8-A345-43F8-9318-BC674C94D782}"
EndProject
Project("{9A19103F-16F7-4668-BE54-9A1E7A4F7556}") = "BotManager.Common.Web", "BotManager.Web\BotManager.Common.Web.csproj", "{6950C1E7-CDAC-4157-A7DF-6DCF8FDCA3FA}"
EndProject
Project("{2150E333-8FDC-42A3-9474-1A3956D46DE8}") = "Notifiers", "Notifiers", "{EB74C6FC-FC0C-4185-90D5-B86E42F2AF3E}"
EndProject
Project("{9A19103F-16F7-4668-BE54-9A1E7A4F7556}") = "BotManager.Notifiers.EarthquakeMonitor", "BotManager.Notifiers.EarthquakeMonitor\BotManager.Notifiers.EarthquakeMonitor.csproj", "{BD71369D-33CD-42D5-BF26-8BA1C52CDE3B}"
EndProject
Project("{2150E333-8FDC-42A3-9474-1A3956D46DE8}") = "Tests", "Tests", "{2759ECCC-1841-473D-BD88-DD8BA06A9E28}"
EndProject
Project("{9A19103F-16F7-4668-BE54-9A1E7A4F7556}") = "BotManager.Tests.Common", "BotManager.Tests.Common\BotManager.Tests.Common.csproj", "{EC8595C4-F5F8-45C2-BD28-B0835B496449}"
EndProject
Project("{9A19103F-16F7-4668-BE54-9A1E7A4F7556}") = "BotManager.Reactive.Json", "BotManager.Reactive.Json\BotManager.Reactive.Json.csproj", "{3CF007D8-991A-4971-9A22-87A2B5F9384F}"
EndProject
Project("{9A19103F-16F7-4668-BE54-9A1E7A4F7556}") = "BotManager.Database", "BotManager.Database\BotManager.Database.csproj", "{172D0FA0-B283-4297-9B9C-1DB7E4E7216B}"
EndProject
Project("{9A19103F-16F7-4668-BE54-9A1E7A4F7556}") = "BotManager.Setting", "BotManager.Setting\BotManager.Setting.csproj", "{A439AA85-301A-4E08-8F08-ED40F3A93D2E}"
EndProject
Project("{9A19103F-16F7-4668-BE54-9A1E7A4F7556}") = "BotManager.Setting.Test", "BotManager.Setting.Test\BotManager.Setting.Test.csproj", "{EC36D2EE-D4D6-4271-B820-D6E4A7B180D0}"
EndProject
Project("{2150E333-8FDC-42A3-9474-1A3956D46DE8}") = "Services", "Services", "{7E56B339-BC8D-424F-8F7C-68943F92D31D}"
EndProject
Project("{9A19103F-16F7-4668-BE54-9A1E7A4F7556}") = "Misskey.Tests", "Misskey.Tests\Misskey.Tests.csproj", "{0F51A545-B0B7-46FC-A313-7CB84F385409}"
EndProject
Project("{9A19103F-16F7-4668-BE54-9A1E7A4F7556}") = "Twitter.Tests", "Twitter.Tests\Twitter.Tests.csproj", "{A3D324E4-C13F-4520-9E1D-C008798F069D}"
EndProject
Project("{9A19103F-16F7-4668-BE54-9A1E7A4F7556}") = "Discord.Tests", "Discord.Tests\Discord.Tests.csproj", "{9EA8685E-36F7-4CA8-BB2F-CE8612E34DC0}"
EndProject
Project("{9A19103F-16F7-4668-BE54-9A1E7A4F7556}") = "BotManager.Service.Git", "BotManager.Service.Git\BotManager.Service.Git.csproj", "{43BE38E0-E55A-4EC1-8027-EE65976AAB11}"
EndProject
Project("{9A19103F-16F7-4668-BE54-9A1E7A4F7556}") = "Git.Tests", "Git.Tests\Git.Tests.csproj", "{291446C3-D40A-43E1-9B6D-542FBA490BA3}"
EndProject
Project("{9A19103F-16F7-4668-BE54-9A1E7A4F7556}") = "BotManager.ScriptSupport", "BotManager.ScriptSupport\BotManager.ScriptSupport.csproj", "{1F08D4A3-27F5-4021-AB4A-A9711E9D4804}"
EndProject
Project("{9A19103F-16F7-4668-BE54-9A1E7A4F7556}") = "BotManager.Tests.Database", "BotManager.Tests.Database\BotManager.Tests.Database.csproj", "{0FFBCE6A-0306-48BF-9A63-2CDFE6D946C9}"
EndProject
Project("{FAE04EC0-301F-11D3-BF4B-00C04F79EFBC}") = "Compiler.Tests", "Compiler.Tests\Compiler.Tests.csproj", "{2B98F10A-018E-495D-91E8-8BB8120A11BF}"
EndProject
Project("{FAE04EC0-301F-11D3-BF4B-00C04F79EFBC}") = "BotManager.Notifiers", "BotManager.Notifiers\BotManager.Notifiers.csproj", "{3491F053-A5AA-43C2-91EF-51C5303EBCB6}"
EndProject
Global
	GlobalSection(SolutionConfigurationPlatforms) = preSolution
		Debug|Any CPU = Debug|Any CPU
		Release|Any CPU = Release|Any CPU
	EndGlobalSection
	GlobalSection(ProjectConfigurationPlatforms) = postSolution
		{30C9A8DB-7863-43FE-9D63-A7FF6785F769}.Debug|Any CPU.ActiveCfg = Debug|Any CPU
		{30C9A8DB-7863-43FE-9D63-A7FF6785F769}.Debug|Any CPU.Build.0 = Debug|Any CPU
		{30C9A8DB-7863-43FE-9D63-A7FF6785F769}.Release|Any CPU.ActiveCfg = Release|Any CPU
		{30C9A8DB-7863-43FE-9D63-A7FF6785F769}.Release|Any CPU.Build.0 = Release|Any CPU
		{15A69407-3A8C-435C-B2FD-C0BD50F20D43}.Debug|Any CPU.ActiveCfg = Debug|Any CPU
		{15A69407-3A8C-435C-B2FD-C0BD50F20D43}.Debug|Any CPU.Build.0 = Debug|Any CPU
		{15A69407-3A8C-435C-B2FD-C0BD50F20D43}.Release|Any CPU.ActiveCfg = Release|Any CPU
		{15A69407-3A8C-435C-B2FD-C0BD50F20D43}.Release|Any CPU.Build.0 = Release|Any CPU
		{B2CF0F11-1A34-4014-94DF-9DAC1E2C5978}.Debug|Any CPU.ActiveCfg = Debug|Any CPU
		{B2CF0F11-1A34-4014-94DF-9DAC1E2C5978}.Debug|Any CPU.Build.0 = Debug|Any CPU
		{B2CF0F11-1A34-4014-94DF-9DAC1E2C5978}.Release|Any CPU.ActiveCfg = Release|Any CPU
		{B2CF0F11-1A34-4014-94DF-9DAC1E2C5978}.Release|Any CPU.Build.0 = Release|Any CPU
		{A7BA1C97-1FA1-4972-987F-F0FAE5A1E112}.Debug|Any CPU.ActiveCfg = Debug|Any CPU
		{A7BA1C97-1FA1-4972-987F-F0FAE5A1E112}.Debug|Any CPU.Build.0 = Debug|Any CPU
		{A7BA1C97-1FA1-4972-987F-F0FAE5A1E112}.Release|Any CPU.ActiveCfg = Release|Any CPU
		{A7BA1C97-1FA1-4972-987F-F0FAE5A1E112}.Release|Any CPU.Build.0 = Release|Any CPU
		{F5483FD6-5AC0-4779-AD99-281C16A3B47F}.Debug|Any CPU.ActiveCfg = Debug|Any CPU
		{F5483FD6-5AC0-4779-AD99-281C16A3B47F}.Debug|Any CPU.Build.0 = Debug|Any CPU
		{F5483FD6-5AC0-4779-AD99-281C16A3B47F}.Release|Any CPU.ActiveCfg = Release|Any CPU
		{F5483FD6-5AC0-4779-AD99-281C16A3B47F}.Release|Any CPU.Build.0 = Release|Any CPU
		{B1883A79-5D08-49AB-8B7C-FC94C8CB70D8}.Debug|Any CPU.ActiveCfg = Debug|Any CPU
		{B1883A79-5D08-49AB-8B7C-FC94C8CB70D8}.Debug|Any CPU.Build.0 = Debug|Any CPU
		{B1883A79-5D08-49AB-8B7C-FC94C8CB70D8}.Release|Any CPU.ActiveCfg = Release|Any CPU
		{B1883A79-5D08-49AB-8B7C-FC94C8CB70D8}.Release|Any CPU.Build.0 = Release|Any CPU
		{D50DC9DE-DFEE-423C-8B76-900AD78E1D4F}.Debug|Any CPU.ActiveCfg = Debug|Any CPU
		{D50DC9DE-DFEE-423C-8B76-900AD78E1D4F}.Debug|Any CPU.Build.0 = Debug|Any CPU
		{D50DC9DE-DFEE-423C-8B76-900AD78E1D4F}.Release|Any CPU.ActiveCfg = Release|Any CPU
		{D50DC9DE-DFEE-423C-8B76-900AD78E1D4F}.Release|Any CPU.Build.0 = Release|Any CPU
		{37D3E5B8-A345-43F8-9318-BC674C94D782}.Debug|Any CPU.ActiveCfg = Debug|Any CPU
		{37D3E5B8-A345-43F8-9318-BC674C94D782}.Debug|Any CPU.Build.0 = Debug|Any CPU
		{37D3E5B8-A345-43F8-9318-BC674C94D782}.Release|Any CPU.ActiveCfg = Release|Any CPU
		{37D3E5B8-A345-43F8-9318-BC674C94D782}.Release|Any CPU.Build.0 = Release|Any CPU
		{6950C1E7-CDAC-4157-A7DF-6DCF8FDCA3FA}.Debug|Any CPU.ActiveCfg = Debug|Any CPU
		{6950C1E7-CDAC-4157-A7DF-6DCF8FDCA3FA}.Debug|Any CPU.Build.0 = Debug|Any CPU
		{6950C1E7-CDAC-4157-A7DF-6DCF8FDCA3FA}.Release|Any CPU.ActiveCfg = Release|Any CPU
		{6950C1E7-CDAC-4157-A7DF-6DCF8FDCA3FA}.Release|Any CPU.Build.0 = Release|Any CPU
		{BD71369D-33CD-42D5-BF26-8BA1C52CDE3B}.Debug|Any CPU.ActiveCfg = Debug|Any CPU
		{BD71369D-33CD-42D5-BF26-8BA1C52CDE3B}.Debug|Any CPU.Build.0 = Debug|Any CPU
		{BD71369D-33CD-42D5-BF26-8BA1C52CDE3B}.Release|Any CPU.ActiveCfg = Release|Any CPU
		{BD71369D-33CD-42D5-BF26-8BA1C52CDE3B}.Release|Any CPU.Build.0 = Release|Any CPU
		{EC8595C4-F5F8-45C2-BD28-B0835B496449}.Debug|Any CPU.ActiveCfg = Debug|Any CPU
		{EC8595C4-F5F8-45C2-BD28-B0835B496449}.Debug|Any CPU.Build.0 = Debug|Any CPU
		{EC8595C4-F5F8-45C2-BD28-B0835B496449}.Release|Any CPU.ActiveCfg = Release|Any CPU
		{EC8595C4-F5F8-45C2-BD28-B0835B496449}.Release|Any CPU.Build.0 = Release|Any CPU
		{3CF007D8-991A-4971-9A22-87A2B5F9384F}.Debug|Any CPU.ActiveCfg = Debug|Any CPU
		{3CF007D8-991A-4971-9A22-87A2B5F9384F}.Debug|Any CPU.Build.0 = Debug|Any CPU
		{3CF007D8-991A-4971-9A22-87A2B5F9384F}.Release|Any CPU.ActiveCfg = Release|Any CPU
		{3CF007D8-991A-4971-9A22-87A2B5F9384F}.Release|Any CPU.Build.0 = Release|Any CPU
		{172D0FA0-B283-4297-9B9C-1DB7E4E7216B}.Debug|Any CPU.ActiveCfg = Debug|Any CPU
		{172D0FA0-B283-4297-9B9C-1DB7E4E7216B}.Debug|Any CPU.Build.0 = Debug|Any CPU
		{172D0FA0-B283-4297-9B9C-1DB7E4E7216B}.Release|Any CPU.ActiveCfg = Release|Any CPU
		{172D0FA0-B283-4297-9B9C-1DB7E4E7216B}.Release|Any CPU.Build.0 = Release|Any CPU
		{A439AA85-301A-4E08-8F08-ED40F3A93D2E}.Debug|Any CPU.ActiveCfg = Debug|Any CPU
		{A439AA85-301A-4E08-8F08-ED40F3A93D2E}.Debug|Any CPU.Build.0 = Debug|Any CPU
		{A439AA85-301A-4E08-8F08-ED40F3A93D2E}.Release|Any CPU.ActiveCfg = Release|Any CPU
		{A439AA85-301A-4E08-8F08-ED40F3A93D2E}.Release|Any CPU.Build.0 = Release|Any CPU
		{EC36D2EE-D4D6-4271-B820-D6E4A7B180D0}.Debug|Any CPU.ActiveCfg = Debug|Any CPU
		{EC36D2EE-D4D6-4271-B820-D6E4A7B180D0}.Debug|Any CPU.Build.0 = Debug|Any CPU
		{EC36D2EE-D4D6-4271-B820-D6E4A7B180D0}.Release|Any CPU.ActiveCfg = Release|Any CPU
		{EC36D2EE-D4D6-4271-B820-D6E4A7B180D0}.Release|Any CPU.Build.0 = Release|Any CPU
		{0F51A545-B0B7-46FC-A313-7CB84F385409}.Debug|Any CPU.ActiveCfg = Debug|Any CPU
		{0F51A545-B0B7-46FC-A313-7CB84F385409}.Debug|Any CPU.Build.0 = Debug|Any CPU
		{0F51A545-B0B7-46FC-A313-7CB84F385409}.Release|Any CPU.ActiveCfg = Release|Any CPU
		{0F51A545-B0B7-46FC-A313-7CB84F385409}.Release|Any CPU.Build.0 = Release|Any CPU
		{A3D324E4-C13F-4520-9E1D-C008798F069D}.Debug|Any CPU.ActiveCfg = Debug|Any CPU
		{A3D324E4-C13F-4520-9E1D-C008798F069D}.Debug|Any CPU.Build.0 = Debug|Any CPU
		{A3D324E4-C13F-4520-9E1D-C008798F069D}.Release|Any CPU.ActiveCfg = Release|Any CPU
		{A3D324E4-C13F-4520-9E1D-C008798F069D}.Release|Any CPU.Build.0 = Release|Any CPU
		{9EA8685E-36F7-4CA8-BB2F-CE8612E34DC0}.Debug|Any CPU.ActiveCfg = Debug|Any CPU
		{9EA8685E-36F7-4CA8-BB2F-CE8612E34DC0}.Debug|Any CPU.Build.0 = Debug|Any CPU
		{9EA8685E-36F7-4CA8-BB2F-CE8612E34DC0}.Release|Any CPU.ActiveCfg = Release|Any CPU
		{9EA8685E-36F7-4CA8-BB2F-CE8612E34DC0}.Release|Any CPU.Build.0 = Release|Any CPU
		{43BE38E0-E55A-4EC1-8027-EE65976AAB11}.Debug|Any CPU.ActiveCfg = Debug|Any CPU
		{43BE38E0-E55A-4EC1-8027-EE65976AAB11}.Debug|Any CPU.Build.0 = Debug|Any CPU
		{43BE38E0-E55A-4EC1-8027-EE65976AAB11}.Release|Any CPU.ActiveCfg = Release|Any CPU
		{43BE38E0-E55A-4EC1-8027-EE65976AAB11}.Release|Any CPU.Build.0 = Release|Any CPU
		{291446C3-D40A-43E1-9B6D-542FBA490BA3}.Debug|Any CPU.ActiveCfg = Debug|Any CPU
		{291446C3-D40A-43E1-9B6D-542FBA490BA3}.Debug|Any CPU.Build.0 = Debug|Any CPU
		{291446C3-D40A-43E1-9B6D-542FBA490BA3}.Release|Any CPU.ActiveCfg = Release|Any CPU
		{291446C3-D40A-43E1-9B6D-542FBA490BA3}.Release|Any CPU.Build.0 = Release|Any CPU
		{1F08D4A3-27F5-4021-AB4A-A9711E9D4804}.Debug|Any CPU.ActiveCfg = Debug|Any CPU
		{1F08D4A3-27F5-4021-AB4A-A9711E9D4804}.Debug|Any CPU.Build.0 = Debug|Any CPU
		{1F08D4A3-27F5-4021-AB4A-A9711E9D4804}.Release|Any CPU.ActiveCfg = Release|Any CPU
		{1F08D4A3-27F5-4021-AB4A-A9711E9D4804}.Release|Any CPU.Build.0 = Release|Any CPU
		{0FFBCE6A-0306-48BF-9A63-2CDFE6D946C9}.Debug|Any CPU.ActiveCfg = Debug|Any CPU
		{0FFBCE6A-0306-48BF-9A63-2CDFE6D946C9}.Debug|Any CPU.Build.0 = Debug|Any CPU
		{0FFBCE6A-0306-48BF-9A63-2CDFE6D946C9}.Release|Any CPU.ActiveCfg = Release|Any CPU
		{0FFBCE6A-0306-48BF-9A63-2CDFE6D946C9}.Release|Any CPU.Build.0 = Release|Any CPU
		{2B98F10A-018E-495D-91E8-8BB8120A11BF}.Debug|Any CPU.ActiveCfg = Debug|Any CPU
		{2B98F10A-018E-495D-91E8-8BB8120A11BF}.Debug|Any CPU.Build.0 = Debug|Any CPU
		{2B98F10A-018E-495D-91E8-8BB8120A11BF}.Release|Any CPU.ActiveCfg = Release|Any CPU
		{2B98F10A-018E-495D-91E8-8BB8120A11BF}.Release|Any CPU.Build.0 = Release|Any CPU
		{3491F053-A5AA-43C2-91EF-51C5303EBCB6}.Debug|Any CPU.ActiveCfg = Debug|Any CPU
		{3491F053-A5AA-43C2-91EF-51C5303EBCB6}.Debug|Any CPU.Build.0 = Debug|Any CPU
		{3491F053-A5AA-43C2-91EF-51C5303EBCB6}.Release|Any CPU.ActiveCfg = Release|Any CPU
		{3491F053-A5AA-43C2-91EF-51C5303EBCB6}.Release|Any CPU.Build.0 = Release|Any CPU
	EndGlobalSection
	GlobalSection(SolutionProperties) = preSolution
		HideSolutionNode = FALSE
	EndGlobalSection
	GlobalSection(NestedProjects) = preSolution
		{F5483FD6-5AC0-4779-AD99-281C16A3B47F} = {47EE59C4-08D2-4B93-AD3B-68D6C2CB4DAE}
		{B1883A79-5D08-49AB-8B7C-FC94C8CB70D8} = {47EE59C4-08D2-4B93-AD3B-68D6C2CB4DAE}
		{D50DC9DE-DFEE-423C-8B76-900AD78E1D4F} = {47EE59C4-08D2-4B93-AD3B-68D6C2CB4DAE}
		{37D3E5B8-A345-43F8-9318-BC674C94D782} = {47EE59C4-08D2-4B93-AD3B-68D6C2CB4DAE}
		{BD71369D-33CD-42D5-BF26-8BA1C52CDE3B} = {EB74C6FC-FC0C-4185-90D5-B86E42F2AF3E}
		{EC8595C4-F5F8-45C2-BD28-B0835B496449} = {2759ECCC-1841-473D-BD88-DD8BA06A9E28}
		{7E56B339-BC8D-424F-8F7C-68943F92D31D} = {2759ECCC-1841-473D-BD88-DD8BA06A9E28}
		{0F51A545-B0B7-46FC-A313-7CB84F385409} = {7E56B339-BC8D-424F-8F7C-68943F92D31D}
		{A3D324E4-C13F-4520-9E1D-C008798F069D} = {7E56B339-BC8D-424F-8F7C-68943F92D31D}
		{9EA8685E-36F7-4CA8-BB2F-CE8612E34DC0} = {7E56B339-BC8D-424F-8F7C-68943F92D31D}
		{43BE38E0-E55A-4EC1-8027-EE65976AAB11} = {47EE59C4-08D2-4B93-AD3B-68D6C2CB4DAE}
		{291446C3-D40A-43E1-9B6D-542FBA490BA3} = {7E56B339-BC8D-424F-8F7C-68943F92D31D}
		{0FFBCE6A-0306-48BF-9A63-2CDFE6D946C9} = {2759ECCC-1841-473D-BD88-DD8BA06A9E28}
		{2B98F10A-018E-495D-91E8-8BB8120A11BF} = {7E56B339-BC8D-424F-8F7C-68943F92D31D}
		{3491F053-A5AA-43C2-91EF-51C5303EBCB6} = {EB74C6FC-FC0C-4185-90D5-B86E42F2AF3E}
	EndGlobalSection
	GlobalSection(ExtensibilityGlobals) = postSolution
		SolutionGuid = {14DEB328-F00E-4E18-B492-EA3C6F66ECEC}
	EndGlobalSection
EndGlobal
